// !$*UTF8*$!
{
	archiveVersion = 1;
	classes = {
	};
	objectVersion = 46;
	objects = {

/* Begin PBXBuildFile section */
		F83BA3AD1DEF748A0030FD79 /* AppDelegate.swift in Sources */ = {isa = PBXBuildFile; fileRef = F83BA3AC1DEF748A0030FD79 /* AppDelegate.swift */; };
		F83BA3AF1DEF748A0030FD79 /* ViewController.swift in Sources */ = {isa = PBXBuildFile; fileRef = F83BA3AE1DEF748A0030FD79 /* ViewController.swift */; };
		F83BA3B21DEF748A0030FD79 /* Main.storyboard in Resources */ = {isa = PBXBuildFile; fileRef = F83BA3B01DEF748A0030FD79 /* Main.storyboard */; };
		F83BA3B41DEF748A0030FD79 /* Assets.xcassets in Resources */ = {isa = PBXBuildFile; fileRef = F83BA3B31DEF748A0030FD79 /* Assets.xcassets */; };
		F83BA3B71DEF748A0030FD79 /* LaunchScreen.storyboard in Resources */ = {isa = PBXBuildFile; fileRef = F83BA3B51DEF748A0030FD79 /* LaunchScreen.storyboard */; };
/* End PBXBuildFile section */

/* Begin PBXFileReference section */
		F83BA3A91DEF748A0030FD79 /* SolicitarLibroPro.app */ = {isa = PBXFileReference; explicitFileType = wrapper.application; includeInIndex = 0; path = SolicitarLibroPro.app; sourceTree = BUILT_PRODUCTS_DIR; };
		F83BA3AC1DEF748A0030FD79 /* AppDelegate.swift */ = {isa = PBXFileReference; lastKnownFileType = sourcecode.swift; path = AppDelegate.swift; sourceTree = "<group>"; };
		F83BA3AE1DEF748A0030FD79 /* ViewController.swift */ = {isa = PBXFileReference; lastKnownFileType = sourcecode.swift; path = ViewController.swift; sourceTree = "<group>"; };
		F83BA3B11DEF748A0030FD79 /* Base */ = {isa = PBXFileReference; lastKnownFileType = file.storyboard; name = Base; path = Base.lproj/Main.storyboard; sourceTree = "<group>"; };
		F83BA3B31DEF748A0030FD79 /* Assets.xcassets */ = {isa = PBXFileReference; lastKnownFileType = folder.assetcatalog; path = Assets.xcassets; sourceTree = "<group>"; };
		F83BA3B61DEF748A0030FD79 /* Base */ = {isa = PBXFileReference; lastKnownFileType = file.storyboard; name = Base; path = Base.lproj/LaunchScreen.storyboard; sourceTree = "<group>"; };
		F83BA3B81DEF748A0030FD79 /* Info.plist */ = {isa = PBXFileReference; lastKnownFileType = text.plist.xml; path = Info.plist; sourceTree = "<group>"; };
		F8CEAE1E1E3AFB0E007531C0 /* SolicitarLibroPro.entitlements */ = {isa = PBXFileReference; lastKnownFileType = text.plist.entitlements; path = SolicitarLibroPro.entitlements; sourceTree = "<group>"; };
/* End PBXFileReference section */

/* Begin PBXFrameworksBuildPhase section */
		F83BA3A61DEF748A0030FD79 /* Frameworks */ = {
			isa = PBXFrameworksBuildPhase;
			buildActionMask = 2147483647;
			files = (
			);
			runOnlyForDeploymentPostprocessing = 0;
		};
/* End PBXFrameworksBuildPhase section */

/* Begin PBXGroup section */
		F83BA3A01DEF748A0030FD79 = {
			isa = PBXGroup;
			children = (
				F83BA3AB1DEF748A0030FD79 /* SolicitarLibroPro */,
				F83BA3AA1DEF748A0030FD79 /* Products */,
			);
			sourceTree = "<group>";
		};
		F83BA3AA1DEF748A0030FD79 /* Products */ = {
			isa = PBXGroup;
			children = (
				F83BA3A91DEF748A0030FD79 /* SolicitarLibroPro.app */,
			);
			name = Products;
			sourceTree = "<group>";
		};
		F83BA3AB1DEF748A0030FD79 /* SolicitarLibroPro */ = {
			isa = PBXGroup;
			children = (
				F8CEAE1E1E3AFB0E007531C0 /* SolicitarLibroPro.entitlements */,
				F83BA3AC1DEF748A0030FD79 /* AppDelegate.swift */,
				F83BA3AE1DEF748A0030FD79 /* ViewController.swift */,
				F83BA3B01DEF748A0030FD79 /* Main.storyboard */,
				F83BA3B31DEF748A0030FD79 /* Assets.xcassets */,
				F83BA3B51DEF748A0030FD79 /* LaunchScreen.storyboard */,
				F83BA3B81DEF748A0030FD79 /* Info.plist */,
			);
			path = SolicitarLibroPro;
			sourceTree = "<group>";
		};
/* End PBXGroup section */

/* Begin PBXNativeTarget section */
		F83BA3A81DEF748A0030FD79 /* SolicitarLibroPro */ = {
			isa = PBXNativeTarget;
			buildConfigurationList = F83BA3BB1DEF748A0030FD79 /* Build configuration list for PBXNativeTarget "SolicitarLibroPro" */;
			buildPhases = (
				F83BA3A51DEF748A0030FD79 /* Sources */,
				F83BA3A61DEF748A0030FD79 /* Frameworks */,
				F83BA3A71DEF748A0030FD79 /* Resources */,
			);
			buildRules = (
			);
			dependencies = (
			);
			name = SolicitarLibroPro;
			productName = SolicitarLibroPro;
			productReference = F83BA3A91DEF748A0030FD79 /* SolicitarLibroPro.app */;
			productType = "com.apple.product-type.application";
		};
/* End PBXNativeTarget section */

/* Begin PBXProject section */
		F83BA3A11DEF748A0030FD79 /* Project object */ = {
			isa = PBXProject;
			attributes = {
				LastSwiftUpdateCheck = 0810;
				LastUpgradeCheck = 0820;
				ORGANIZATIONNAME = "César Omar Román Domínguez";
				TargetAttributes = {
					F83BA3A81DEF748A0030FD79 = {
						CreatedOnToolsVersion = 8.1;
						DevelopmentTeam = 2GA4786XP3;
						ProvisioningStyle = Automatic;
						SystemCapabilities = {
							com.apple.DataProtection = {
								enabled = 0;
							};
						};
					};
				};
			};
			buildConfigurationList = F83BA3A41DEF748A0030FD79 /* Build configuration list for PBXProject "SolicitarLibroPro" */;
			compatibilityVersion = "Xcode 3.2";
			developmentRegion = English;
			hasScannedForEncodings = 0;
			knownRegions = (
				en,
				Base,
			);
			mainGroup = F83BA3A01DEF748A0030FD79;
			productRefGroup = F83BA3AA1DEF748A0030FD79 /* Products */;
			projectDirPath = "";
			projectRoot = "";
			targets = (
				F83BA3A81DEF748A0030FD79 /* SolicitarLibroPro */,
			);
		};
/* End PBXProject section */

/* Begin PBXResourcesBuildPhase section */
		F83BA3A71DEF748A0030FD79 /* Resources */ = {
			isa = PBXResourcesBuildPhase;
			buildActionMask = 2147483647;
			files = (
				F83BA3B71DEF748A0030FD79 /* LaunchScreen.storyboard in Resources */,
				F83BA3B41DEF748A0030FD79 /* Assets.xcassets in Resources */,
				F83BA3B21DEF748A0030FD79 /* Main.storyboard in Resources */,
			);
			runOnlyForDeploymentPostprocessing = 0;
		};
/* End PBXResourcesBuildPhase section */

/* Begin PBXSourcesBuildPhase section */
		F83BA3A51DEF748A0030FD79 /* Sources */ = {
			isa = PBXSourcesBuildPhase;
			buildActionMask = 2147483647;
			files = (
				F83BA3AF1DEF748A0030FD79 /* ViewController.swift in Sources */,
				F83BA3AD1DEF748A0030FD79 /* AppDelegate.swift in Sources */,
			);
			runOnlyForDeploymentPostprocessing = 0;
		};
/* End PBXSourcesBuildPhase section */

/* Begin PBXVariantGroup section */
		F83BA3B01DEF748A0030FD79 /* Main.storyboard */ = {
			isa = PBXVariantGroup;
			children = (
				F83BA3B11DEF748A0030FD79 /* Base */,
			);
			name = Main.storyboard;
			sourceTree = "<group>";
		};
		F83BA3B51DEF748A0030FD79 /* LaunchScreen.storyboard */ = {
			isa = PBXVariantGroup;
			children = (
				F83BA3B61DEF748A0030FD79 /* Base */,
			);
			name = LaunchScreen.storyboard;
			sourceTree = "<group>";
		};
/* End PBXVariantGroup section */

/* Begin XCBuildConfiguration section */
		F83BA3B91DEF748A0030FD79 /* Debug */ = {
			isa = XCBuildConfiguration;
			buildSettings = {
				ALWAYS_SEARCH_USER_PATHS = NO;
				CLANG_ANALYZER_NONNULL = YES;
				CLANG_CXX_LANGUAGE_STANDARD = "gnu++0x";
				CLANG_CXX_LIBRARY = "libc++";
				CLANG_ENABLE_MODULES = YES;
				CLANG_ENABLE_OBJC_ARC = YES;
				CLANG_WARN_BOOL_CONVERSION = YES;
				CLANG_WARN_CONSTANT_CONVERSION = YES;
				CLANG_WARN_DIRECT_OBJC_ISA_USAGE = YES_ERROR;
				CLANG_WARN_DOCUMENTATION_COMMENTS = YES;
				CLANG_WARN_EMPTY_BODY = YES;
				CLANG_WARN_ENUM_CONVERSION = YES;
				CLANG_WARN_INFINITE_RECURSION = YES;
				CLANG_WARN_INT_CONVERSION = YES;
				CLANG_WARN_OBJC_ROOT_CLASS = YES_ERROR;
				CLANG_WARN_SUSPICIOUS_MOVE = YES;
				CLANG_WARN_SUSPICIOUS_MOVES = YES;
				CLANG_WARN_UNREACHABLE_CODE = YES;
				CLANG_WARN__DUPLICATE_METHOD_MATCH = YES;
				"CODE_SIGN_IDENTITY[sdk=iphoneos*]" = "iPhone Developer";
				COPY_PHASE_STRIP = NO;
				DEBUG_INFORMATION_FORMAT = dwarf;
				ENABLE_STRICT_OBJC_MSGSEND = YES;
				ENABLE_TESTABILITY = YES;
				GCC_C_LANGUAGE_STANDARD = gnu99;
				GCC_DYNAMIC_NO_PIC = NO;
				GCC_NO_COMMON_BLOCKS = YES;
				GCC_OPTIMIZATION_LEVEL = 0;
				GCC_PREPROCESSOR_DEFINITIONS = (
					"DEBUG=1",
					"$(inherited)",
				);
				GCC_WARN_64_TO_32_BIT_CONVERSION = YES;
				GCC_WARN_ABOUT_RETURN_TYPE = YES_ERROR;
				GCC_WARN_UNDECLARED_SELECTOR = YES;
				GCC_WARN_UNINITIALIZED_AUTOS = YES_AGGRESSIVE;
				GCC_WARN_UNUSED_FUNCTION = YES;
				GCC_WARN_UNUSED_VARIABLE = YES;
				IPHONEOS_DEPLOYMENT_TARGET = 10.1;
				MTL_ENABLE_DEBUG_INFO = YES;
				ONLY_ACTIVE_ARCH = YES;
				SDKROOT = iphoneos;
				SWIFT_ACTIVE_COMPILATION_CONDITIONS = DEBUG;
				SWIFT_OPTIMIZATION_LEVEL = "-Onone";
				TARGETED_DEVICE_FAMILY = "1,2";
			};
			name = Debug;
		};
		F83BA3BA1DEF748A0030FD79 /* Release */ = {
			isa = XCBuildConfiguration;
			buildSettings = {
				ALWAYS_SEARCH_USER_PATHS = NO;
				CLANG_ANALYZER_NONNULL = YES;
				CLANG_CXX_LANGUAGE_STANDARD = "gnu++0x";
				CLANG_CXX_LIBRARY = "libc++";
				CLANG_ENABLE_MODULES = YES;
				CLANG_ENABLE_OBJC_ARC = YES;
				CLANG_WARN_BOOL_CONVERSION = YES;
				CLANG_WARN_CONSTANT_CONVERSION = YES;
				CLANG_WARN_DIRECT_OBJC_ISA_USAGE = YES_ERROR;
				CLANG_WARN_DOCUMENTATION_COMMENTS = YES;
				CLANG_WARN_EMPTY_BODY = YES;
				CLANG_WARN_ENUM_CONVERSION = YES;
				CLANG_WARN_INFINITE_RECURSION = YES;
				CLANG_WARN_INT_CONVERSION = YES;
				CLANG_WARN_OBJC_ROOT_CLASS = YES_ERROR;
				CLANG_WARN_SUSPICIOUS_MOVE = YES;
				CLANG_WARN_SUSPICIOUS_MOVES = YES;
				CLANG_WARN_UNREACHABLE_CODE = YES;
				CLANG_WARN__DUPLICATE_METHOD_MATCH = YES;
				"CODE_SIGN_IDENTITY[sdk=iphoneos*]" = "iPhone Developer";
				COPY_PHASE_STRIP = NO;
				DEBUG_INFORMATION_FORMAT = "dwarf-with-dsym";
				ENABLE_NS_ASSERTIONS = NO;
				ENABLE_STRICT_OBJC_MSGSEND = YES;
				GCC_C_LANGUAGE_STANDARD = gnu99;
				GCC_NO_COMMON_BLOCKS = YES;
				GCC_WARN_64_TO_32_BIT_CONVERSION = YES;
				GCC_WARN_ABOUT_RETURN_TYPE = YES_ERROR;
				GCC_WARN_UNDECLARED_SELECTOR = YES;
				GCC_WARN_UNINITIALIZED_AUTOS = YES_AGGRESSIVE;
				GCC_WARN_UNUSED_FUNCTION = YES;
				GCC_WARN_UNUSED_VARIABLE = YES;
				IPHONEOS_DEPLOYMENT_TARGET = 10.1;
				MTL_ENABLE_DEBUG_INFO = NO;
				SDKROOT = iphoneos;
				SWIFT_OPTIMIZATION_LEVEL = "-Owholemodule";
				TARGETED_DEVICE_FAMILY = "1,2";
				VALIDATE_PRODUCT = YES;
			};
			name = Release;
		};
		F83BA3BC1DEF748A0030FD79 /* Debug */ = {
			isa = XCBuildConfiguration;
			buildSettings = {
				ASSETCATALOG_COMPILER_APPICON_NAME = AppIcon;
				DEVELOPMENT_TEAM = 2GA4786XP3;
				INFOPLIST_FILE = SolicitarLibroPro/Info.plist;
				LD_RUNPATH_SEARCH_PATHS = "$(inherited) @executable_path/Frameworks";
				PRODUCT_BUNDLE_IDENTIFIER = mx.cesar.SolicitarLibroPro;
				PRODUCT_NAME = "$(TARGET_NAME)";
				SWIFT_VERSION = 3.0;
			};
			name = Debug;
		};
		F83BA3BD1DEF748A0030FD79 /* Release */ = {
			isa = XCBuildConfiguration;
			buildSettings = {
				ASSETCATALOG_COMPILER_APPICON_NAME = AppIcon;
				DEVELOPMENT_TEAM = 2GA4786XP3;
				INFOPLIST_FILE = SolicitarLibroPro/Info.plist;
				LD_RUNPATH_SEARCH_PATHS = "$(inherited) @executable_path/Frameworks";
				PRODUCT_BUNDLE_IDENTIFIER = mx.cesar.SolicitarLibroPro;
				PRODUCT_NAME = "$(TARGET_NAME)";
				SWIFT_VERSION = 3.0;
			};
			name = Release;
		};
/* End XCBuildConfiguration section */

/* Begin XCConfigurationList section */
		F83BA3A41DEF748A0030FD79 /* Build configuration list for PBXProject "SolicitarLibroPro" */ = {
			isa = XCConfigurationList;
			buildConfigurations = (
				F83BA3B91DEF748A0030FD79 /* Debug */,
				F83BA3BA1DEF748A0030FD79 /* Release */,
			);
			defaultConfigurationIsVisible = 0;
			defaultConfigurationName = Release;
		};
		F83BA3BB1DEF748A0030FD79 /* Build configuration list for PBXNativeTarget "SolicitarLibroPro" */ = {
			isa = XCConfigurationList;
			buildConfigurations = (
				F83BA3BC1DEF748A0030FD79 /* Debug */,
				F83BA3BD1DEF748A0030FD79 /* Release */,
			);
			defaultConfigurationIsVisible = 0;
			defaultConfigurationName = Release;
		};
/* End XCConfigurationList section */
	};
	rootObject = F83BA3A11DEF748A0030FD79 /* Project object */;
}
